
Microsoft Visual Studio Solution File, Format Version 12.00
# Visual Studio Version 17
VisualStudioVersion = 17.4.33213.308
MinimumVisualStudioVersion = 10.0.40219.1
Project("{9A19103F-16F7-4668-BE54-9A1E7A4F7556}") = "Figure", "FigureLib\Figure.csproj", "{D6D7685F-8D64-4269-9224-E170D2CEA87C}"
EndProject
Project("{9A19103F-16F7-4668-BE54-9A1E7A4F7556}") = "FigureLibrary", "FigureLibrary\FigureLibrary.csproj", "{58E3FE29-7FA0-42AB-B286-83C7ADCF3566}"
EndProject
Project("{FAE04EC0-301F-11D3-BF4B-00C04F79EFBC}") = "Figure.Tests", "Figure.Tests\Figure.Tests.csproj", "{BEF38499-9623-4683-B1F7-1E9764B80D72}"
EndProject
Project("{2150E333-8FDC-42A3-9474-1A3956D46DE8}") = "Элементы решения", "Элементы решения", "{4D18F6FD-A1BD-4E0D-87E3-D104CEC48916}"
	ProjectSection(SolutionItems) = preProject
		Задание SQL.txt = Задание SQL.txt
	EndProjectSection
EndProject
Global
	GlobalSection(SolutionConfigurationPlatforms) = preSolution
		Debug|Any CPU = Debug|Any CPU
		Release|Any CPU = Release|Any CPU
	EndGlobalSection
	GlobalSection(ProjectConfigurationPlatforms) = postSolution
		{D6D7685F-8D64-4269-9224-E170D2CEA87C}.Debug|Any CPU.ActiveCfg = Debug|Any CPU
		{D6D7685F-8D64-4269-9224-E170D2CEA87C}.Debug|Any CPU.Build.0 = Debug|Any CPU
		{D6D7685F-8D64-4269-9224-E170D2CEA87C}.Release|Any CPU.ActiveCfg = Release|Any CPU
		{D6D7685F-8D64-4269-9224-E170D2CEA87C}.Release|Any CPU.Build.0 = Release|Any CPU
		{58E3FE29-7FA0-42AB-B286-83C7ADCF3566}.Debug|Any CPU.ActiveCfg = Debug|Any CPU
		{58E3FE29-7FA0-42AB-B286-83C7ADCF3566}.Debug|Any CPU.Build.0 = Debug|Any CPU
		{58E3FE29-7FA0-42AB-B286-83C7ADCF3566}.Release|Any CPU.ActiveCfg = Release|Any CPU
		{58E3FE29-7FA0-42AB-B286-83C7ADCF3566}.Release|Any CPU.Build.0 = Release|Any CPU
		{BEF38499-9623-4683-B1F7-1E9764B80D72}.Debug|Any CPU.ActiveCfg = Debug|Any CPU
		{BEF38499-9623-4683-B1F7-1E9764B80D72}.Debug|Any CPU.Build.0 = Debug|Any CPU
		{BEF38499-9623-4683-B1F7-1E9764B80D72}.Release|Any CPU.ActiveCfg = Release|Any CPU
		{BEF38499-9623-4683-B1F7-1E9764B80D72}.Release|Any CPU.Build.0 = Release|Any CPU
	EndGlobalSection
	GlobalSection(SolutionProperties) = preSolution
		HideSolutionNode = FALSE
	EndGlobalSection
	GlobalSection(ExtensibilityGlobals) = postSolution
		SolutionGuid = {1B7E04FE-BB9C-4531-A3A9-0AE54E4D8314}
	EndGlobalSection
EndGlobal
